// !$*UTF8*$!
{
	archiveVersion = 1;
	classes = {
	};
	objectVersion = 56;
	objects = {

/* Begin PBXBuildFile section */
		642FD3332AEC46A000D1A463 /* AppDelegate.swift in Sources */ = {isa = PBXBuildFile; fileRef = 642FD3322AEC46A000D1A463 /* AppDelegate.swift */; };
		642FD3352AEC46A000D1A463 /* SceneDelegate.swift in Sources */ = {isa = PBXBuildFile; fileRef = 642FD3342AEC46A000D1A463 /* SceneDelegate.swift */; };
		642FD3372AEC46A000D1A463 /* ViewController.swift in Sources */ = {isa = PBXBuildFile; fileRef = 642FD3362AEC46A000D1A463 /* ViewController.swift */; };
		642FD33A2AEC46A000D1A463 /* Main.storyboard in Resources */ = {isa = PBXBuildFile; fileRef = 642FD3382AEC46A000D1A463 /* Main.storyboard */; };
		642FD33C2AEC46A200D1A463 /* Assets.xcassets in Resources */ = {isa = PBXBuildFile; fileRef = 642FD33B2AEC46A200D1A463 /* Assets.xcassets */; };
		642FD33F2AEC46A200D1A463 /* LaunchScreen.storyboard in Resources */ = {isa = PBXBuildFile; fileRef = 642FD33D2AEC46A200D1A463 /* LaunchScreen.storyboard */; };
		642FD3492AEC4A7100D1A463 /* View.swift in Sources */ = {isa = PBXBuildFile; fileRef = 642FD3482AEC4A7100D1A463 /* View.swift */; };
		642FD34B2AEC4A7900D1A463 /* Interactor.swift in Sources */ = {isa = PBXBuildFile; fileRef = 642FD34A2AEC4A7900D1A463 /* Interactor.swift */; };
		642FD34D2AEC4A7F00D1A463 /* Presenter.swift in Sources */ = {isa = PBXBuildFile; fileRef = 642FD34C2AEC4A7F00D1A463 /* Presenter.swift */; };
		642FD34F2AEC4A8500D1A463 /* Entity.swift in Sources */ = {isa = PBXBuildFile; fileRef = 642FD34E2AEC4A8500D1A463 /* Entity.swift */; };
		642FD3512AEC4A8F00D1A463 /* Router.swift in Sources */ = {isa = PBXBuildFile; fileRef = 642FD3502AEC4A8F00D1A463 /* Router.swift */; };
/* End PBXBuildFile section */

/* Begin PBXFileReference section */
		642FD32F2AEC46A000D1A463 /* CryptoApp-VIPER.app */ = {isa = PBXFileReference; explicitFileType = wrapper.application; includeInIndex = 0; path = "CryptoApp-VIPER.app"; sourceTree = BUILT_PRODUCTS_DIR; };
		642FD3322AEC46A000D1A463 /* AppDelegate.swift */ = {isa = PBXFileReference; lastKnownFileType = sourcecode.swift; path = AppDelegate.swift; sourceTree = "<group>"; };
		642FD3342AEC46A000D1A463 /* SceneDelegate.swift */ = {isa = PBXFileReference; lastKnownFileType = sourcecode.swift; path = SceneDelegate.swift; sourceTree = "<group>"; };
		642FD3362AEC46A000D1A463 /* ViewController.swift */ = {isa = PBXFileReference; lastKnownFileType = sourcecode.swift; path = ViewController.swift; sourceTree = "<group>"; };
		642FD3392AEC46A000D1A463 /* Base */ = {isa = PBXFileReference; lastKnownFileType = file.storyboard; name = Base; path = Base.lproj/Main.storyboard; sourceTree = "<group>"; };
		642FD33B2AEC46A200D1A463 /* Assets.xcassets */ = {isa = PBXFileReference; lastKnownFileType = folder.assetcatalog; path = Assets.xcassets; sourceTree = "<group>"; };
		642FD33E2AEC46A200D1A463 /* Base */ = {isa = PBXFileReference; lastKnownFileType = file.storyboard; name = Base; path = Base.lproj/LaunchScreen.storyboard; sourceTree = "<group>"; };
		642FD3402AEC46A200D1A463 /* Info.plist */ = {isa = PBXFileReference; lastKnownFileType = text.plist.xml; path = Info.plist; sourceTree = "<group>"; };
		642FD3482AEC4A7100D1A463 /* View.swift */ = {isa = PBXFileReference; lastKnownFileType = sourcecode.swift; path = View.swift; sourceTree = "<group>"; };
		642FD34A2AEC4A7900D1A463 /* Interactor.swift */ = {isa = PBXFileReference; lastKnownFileType = sourcecode.swift; path = Interactor.swift; sourceTree = "<group>"; };
		642FD34C2AEC4A7F00D1A463 /* Presenter.swift */ = {isa = PBXFileReference; lastKnownFileType = sourcecode.swift; path = Presenter.swift; sourceTree = "<group>"; };
		642FD34E2AEC4A8500D1A463 /* Entity.swift */ = {isa = PBXFileReference; lastKnownFileType = sourcecode.swift; path = Entity.swift; sourceTree = "<group>"; };
		642FD3502AEC4A8F00D1A463 /* Router.swift */ = {isa = PBXFileReference; lastKnownFileType = sourcecode.swift; path = Router.swift; sourceTree = "<group>"; };
/* End PBXFileReference section */

/* Begin PBXFrameworksBuildPhase section */
		642FD32C2AEC46A000D1A463 /* Frameworks */ = {
			isa = PBXFrameworksBuildPhase;
			buildActionMask = 2147483647;
			files = (
			);
			runOnlyForDeploymentPostprocessing = 0;
		};
/* End PBXFrameworksBuildPhase section */

/* Begin PBXGroup section */
		642FD3262AEC46A000D1A463 = {
			isa = PBXGroup;
			children = (
				642FD3312AEC46A000D1A463 /* CryptoApp-VIPER */,
				642FD3302AEC46A000D1A463 /* Products */,
			);
			sourceTree = "<group>";
		};
		642FD3302AEC46A000D1A463 /* Products */ = {
			isa = PBXGroup;
			children = (
				642FD32F2AEC46A000D1A463 /* CryptoApp-VIPER.app */,
			);
			name = Products;
			sourceTree = "<group>";
		};
		642FD3312AEC46A000D1A463 /* CryptoApp-VIPER */ = {
			isa = PBXGroup;
			children = (
				642FD3472AEC4A4700D1A463 /* Home */,
				642FD3462AEC4A3800D1A463 /* Core */,
			);
			path = "CryptoApp-VIPER";
			sourceTree = "<group>";
		};
		642FD3462AEC4A3800D1A463 /* Core */ = {
			isa = PBXGroup;
			children = (
				642FD3322AEC46A000D1A463 /* AppDelegate.swift */,
				642FD3342AEC46A000D1A463 /* SceneDelegate.swift */,
				642FD3362AEC46A000D1A463 /* ViewController.swift */,
				642FD3382AEC46A000D1A463 /* Main.storyboard */,
				642FD33B2AEC46A200D1A463 /* Assets.xcassets */,
				642FD33D2AEC46A200D1A463 /* LaunchScreen.storyboard */,
				642FD3402AEC46A200D1A463 /* Info.plist */,
			);
			path = Core;
			sourceTree = "<group>";
		};
		642FD3472AEC4A4700D1A463 /* Home */ = {
			isa = PBXGroup;
			children = (
				642FD3482AEC4A7100D1A463 /* View.swift */,
				642FD34A2AEC4A7900D1A463 /* Interactor.swift */,
				642FD34C2AEC4A7F00D1A463 /* Presenter.swift */,
				642FD34E2AEC4A8500D1A463 /* Entity.swift */,
				642FD3502AEC4A8F00D1A463 /* Router.swift */,
			);
			path = Home;
			sourceTree = "<group>";
		};
/* End PBXGroup section */

/* Begin PBXNativeTarget section */
		642FD32E2AEC46A000D1A463 /* CryptoApp-VIPER */ = {
			isa = PBXNativeTarget;
			buildConfigurationList = 642FD3432AEC46A200D1A463 /* Build configuration list for PBXNativeTarget "CryptoApp-VIPER" */;
			buildPhases = (
				642FD32B2AEC46A000D1A463 /* Sources */,
				642FD32C2AEC46A000D1A463 /* Frameworks */,
				642FD32D2AEC46A000D1A463 /* Resources */,
			);
			buildRules = (
			);
			dependencies = (
			);
			name = "CryptoApp-VIPER";
			productName = "CryptoApp-VIPER";
			productReference = 642FD32F2AEC46A000D1A463 /* CryptoApp-VIPER.app */;
			productType = "com.apple.product-type.application";
		};
/* End PBXNativeTarget section */

/* Begin PBXProject section */
		642FD3272AEC46A000D1A463 /* Project object */ = {
			isa = PBXProject;
			attributes = {
				BuildIndependentTargetsInParallel = 1;
				LastSwiftUpdateCheck = 1420;
				LastUpgradeCheck = 1420;
				TargetAttributes = {
					642FD32E2AEC46A000D1A463 = {
						CreatedOnToolsVersion = 14.2;
					};
				};
			};
			buildConfigurationList = 642FD32A2AEC46A000D1A463 /* Build configuration list for PBXProject "CryptoApp-VIPER" */;
			compatibilityVersion = "Xcode 14.0";
			developmentRegion = en;
			hasScannedForEncodings = 0;
			knownRegions = (
				en,
				Base,
			);
			mainGroup = 642FD3262AEC46A000D1A463;
			productRefGroup = 642FD3302AEC46A000D1A463 /* Products */;
			projectDirPath = "";
			projectRoot = "";
			targets = (
				642FD32E2AEC46A000D1A463 /* CryptoApp-VIPER */,
			);
		};
/* End PBXProject section */

/* Begin PBXResourcesBuildPhase section */
		642FD32D2AEC46A000D1A463 /* Resources */ = {
			isa = PBXResourcesBuildPhase;
			buildActionMask = 2147483647;
			files = (
				642FD33F2AEC46A200D1A463 /* LaunchScreen.storyboard in Resources */,
				642FD33C2AEC46A200D1A463 /* Assets.xcassets in Resources */,
				642FD33A2AEC46A000D1A463 /* Main.storyboard in Resources */,
			);
			runOnlyForDeploymentPostprocessing = 0;
		};
/* End PBXResourcesBuildPhase section */

/* Begin PBXSourcesBuildPhase section */
		642FD32B2AEC46A000D1A463 /* Sources */ = {
			isa = PBXSourcesBuildPhase;
			buildActionMask = 2147483647;
			files = (
				642FD3512AEC4A8F00D1A463 /* Router.swift in Sources */,
				642FD34D2AEC4A7F00D1A463 /* Presenter.swift in Sources */,
				642FD3492AEC4A7100D1A463 /* View.swift in Sources */,
				642FD3372AEC46A000D1A463 /* ViewController.swift in Sources */,
				642FD34B2AEC4A7900D1A463 /* Interactor.swift in Sources */,
				642FD3332AEC46A000D1A463 /* AppDelegate.swift in Sources */,
				642FD3352AEC46A000D1A463 /* SceneDelegate.swift in Sources */,
				642FD34F2AEC4A8500D1A463 /* Entity.swift in Sources */,
			);
			runOnlyForDeploymentPostprocessing = 0;
		};
/* End PBXSourcesBuildPhase section */

/* Begin PBXVariantGroup section */
		642FD3382AEC46A000D1A463 /* Main.storyboard */ = {
			isa = PBXVariantGroup;
			children = (
				642FD3392AEC46A000D1A463 /* Base */,
			);
			name = Main.storyboard;
			sourceTree = "<group>";
		};
		642FD33D2AEC46A200D1A463 /* LaunchScreen.storyboard */ = {
			isa = PBXVariantGroup;
			children = (
				642FD33E2AEC46A200D1A463 /* Base */,
			);
			name = LaunchScreen.storyboard;
			sourceTree = "<group>";
		};
/* End PBXVariantGroup section */

/* Begin XCBuildConfiguration section */
		642FD3412AEC46A200D1A463 /* Debug */ = {
			isa = XCBuildConfiguration;
			buildSettings = {
				ALWAYS_SEARCH_USER_PATHS = NO;
				CLANG_ANALYZER_NONNULL = YES;
				CLANG_ANALYZER_NUMBER_OBJECT_CONVERSION = YES_AGGRESSIVE;
				CLANG_CXX_LANGUAGE_STANDARD = "gnu++20";
				CLANG_ENABLE_MODULES = YES;
				CLANG_ENABLE_OBJC_ARC = YES;
				CLANG_ENABLE_OBJC_WEAK = YES;
				CLANG_WARN_BLOCK_CAPTURE_AUTORELEASING = YES;
				CLANG_WARN_BOOL_CONVERSION = YES;
				CLANG_WARN_COMMA = YES;
				CLANG_WARN_CONSTANT_CONVERSION = YES;
				CLANG_WARN_DEPRECATED_OBJC_IMPLEMENTATIONS = YES;
				CLANG_WARN_DIRECT_OBJC_ISA_USAGE = YES_ERROR;
				CLANG_WARN_DOCUMENTATION_COMMENTS = YES;
				CLANG_WARN_EMPTY_BODY = YES;
				CLANG_WARN_ENUM_CONVERSION = YES;
				CLANG_WARN_INFINITE_RECURSION = YES;
				CLANG_WARN_INT_CONVERSION = YES;
				CLANG_WARN_NON_LITERAL_NULL_CONVERSION = YES;
				CLANG_WARN_OBJC_IMPLICIT_RETAIN_SELF = YES;
				CLANG_WARN_OBJC_LITERAL_CONVERSION = YES;
				CLANG_WARN_OBJC_ROOT_CLASS = YES_ERROR;
				CLANG_WARN_QUOTED_INCLUDE_IN_FRAMEWORK_HEADER = YES;
				CLANG_WARN_RANGE_LOOP_ANALYSIS = YES;
				CLANG_WARN_STRICT_PROTOTYPES = YES;
				CLANG_WARN_SUSPICIOUS_MOVE = YES;
				CLANG_WARN_UNGUARDED_AVAILABILITY = YES_AGGRESSIVE;
				CLANG_WARN_UNREACHABLE_CODE = YES;
				CLANG_WARN__DUPLICATE_METHOD_MATCH = YES;
				COPY_PHASE_STRIP = NO;
				DEBUG_INFORMATION_FORMAT = dwarf;
				ENABLE_STRICT_OBJC_MSGSEND = YES;
				ENABLE_TESTABILITY = YES;
				GCC_C_LANGUAGE_STANDARD = gnu11;
				GCC_DYNAMIC_NO_PIC = NO;
				GCC_NO_COMMON_BLOCKS = YES;
				GCC_OPTIMIZATION_LEVEL = 0;
				GCC_PREPROCESSOR_DEFINITIONS = (
					"DEBUG=1",
					"$(inherited)",
				);
				GCC_WARN_64_TO_32_BIT_CONVERSION = YES;
				GCC_WARN_ABOUT_RETURN_TYPE = YES_ERROR;
				GCC_WARN_UNDECLARED_SELECTOR = YES;
				GCC_WARN_UNINITIALIZED_AUTOS = YES_AGGRESSIVE;
				GCC_WARN_UNUSED_FUNCTION = YES;
				GCC_WARN_UNUSED_VARIABLE = YES;
				IPHONEOS_DEPLOYMENT_TARGET = 16.2;
				MTL_ENABLE_DEBUG_INFO = INCLUDE_SOURCE;
				MTL_FAST_MATH = YES;
				ONLY_ACTIVE_ARCH = YES;
				SDKROOT = iphoneos;
				SWIFT_ACTIVE_COMPILATION_CONDITIONS = DEBUG;
				SWIFT_OPTIMIZATION_LEVEL = "-Onone";
			};
			name = Debug;
		};
		642FD3422AEC46A200D1A463 /* Release */ = {
			isa = XCBuildConfiguration;
			buildSettings = {
				ALWAYS_SEARCH_USER_PATHS = NO;
				CLANG_ANALYZER_NONNULL = YES;
				CLANG_ANALYZER_NUMBER_OBJECT_CONVERSION = YES_AGGRESSIVE;
				CLANG_CXX_LANGUAGE_STANDARD = "gnu++20";
				CLANG_ENABLE_MODULES = YES;
				CLANG_ENABLE_OBJC_ARC = YES;
				CLANG_ENABLE_OBJC_WEAK = YES;
				CLANG_WARN_BLOCK_CAPTURE_AUTORELEASING = YES;
				CLANG_WARN_BOOL_CONVERSION = YES;
				CLANG_WARN_COMMA = YES;
				CLANG_WARN_CONSTANT_CONVERSION = YES;
				CLANG_WARN_DEPRECATED_OBJC_IMPLEMENTATIONS = YES;
				CLANG_WARN_DIRECT_OBJC_ISA_USAGE = YES_ERROR;
				CLANG_WARN_DOCUMENTATION_COMMENTS = YES;
				CLANG_WARN_EMPTY_BODY = YES;
				CLANG_WARN_ENUM_CONVERSION = YES;
				CLANG_WARN_INFINITE_RECURSION = YES;
				CLANG_WARN_INT_CONVERSION = YES;
				CLANG_WARN_NON_LITERAL_NULL_CONVERSION = YES;
				CLANG_WARN_OBJC_IMPLICIT_RETAIN_SELF = YES;
				CLANG_WARN_OBJC_LITERAL_CONVERSION = YES;
				CLANG_WARN_OBJC_ROOT_CLASS = YES_ERROR;
				CLANG_WARN_QUOTED_INCLUDE_IN_FRAMEWORK_HEADER = YES;
				CLANG_WARN_RANGE_LOOP_ANALYSIS = YES;
				CLANG_WARN_STRICT_PROTOTYPES = YES;
				CLANG_WARN_SUSPICIOUS_MOVE = YES;
				CLANG_WARN_UNGUARDED_AVAILABILITY = YES_AGGRESSIVE;
				CLANG_WARN_UNREACHABLE_CODE = YES;
				CLANG_WARN__DUPLICATE_METHOD_MATCH = YES;
				COPY_PHASE_STRIP = NO;
				DEBUG_INFORMATION_FORMAT = "dwarf-with-dsym";
				ENABLE_NS_ASSERTIONS = NO;
				ENABLE_STRICT_OBJC_MSGSEND = YES;
				GCC_C_LANGUAGE_STANDARD = gnu11;
				GCC_NO_COMMON_BLOCKS = YES;
				GCC_WARN_64_TO_32_BIT_CONVERSION = YES;
				GCC_WARN_ABOUT_RETURN_TYPE = YES_ERROR;
				GCC_WARN_UNDECLARED_SELECTOR = YES;
				GCC_WARN_UNINITIALIZED_AUTOS = YES_AGGRESSIVE;
				GCC_WARN_UNUSED_FUNCTION = YES;
				GCC_WARN_UNUSED_VARIABLE = YES;
				IPHONEOS_DEPLOYMENT_TARGET = 16.2;
				MTL_ENABLE_DEBUG_INFO = NO;
				MTL_FAST_MATH = YES;
				SDKROOT = iphoneos;
				SWIFT_COMPILATION_MODE = wholemodule;
				SWIFT_OPTIMIZATION_LEVEL = "-O";
				VALIDATE_PRODUCT = YES;
			};
			name = Release;
		};
		642FD3442AEC46A200D1A463 /* Debug */ = {
			isa = XCBuildConfiguration;
			buildSettings = {
				ASSETCATALOG_COMPILER_APPICON_NAME = AppIcon;
				ASSETCATALOG_COMPILER_GLOBAL_ACCENT_COLOR_NAME = AccentColor;
				CODE_SIGN_STYLE = Automatic;
				CURRENT_PROJECT_VERSION = 1;
				GENERATE_INFOPLIST_FILE = YES;
				INFOPLIST_FILE = "CryptoApp-VIPER/Core/Info.plist";
				INFOPLIST_KEY_UIApplicationSupportsIndirectInputEvents = YES;
				INFOPLIST_KEY_UILaunchStoryboardName = LaunchScreen;
				INFOPLIST_KEY_UIMainStoryboardFile = Main;
				INFOPLIST_KEY_UISupportedInterfaceOrientations_iPad = "UIInterfaceOrientationPortrait UIInterfaceOrientationPortraitUpsideDown UIInterfaceOrientationLandscapeLeft UIInterfaceOrientationLandscapeRight";
				INFOPLIST_KEY_UISupportedInterfaceOrientations_iPhone = "UIInterfaceOrientationPortrait UIInterfaceOrientationLandscapeLeft UIInterfaceOrientationLandscapeRight";
				LD_RUNPATH_SEARCH_PATHS = (
					"$(inherited)",
					"@executable_path/Frameworks",
				);
				MARKETING_VERSION = 1.0;
				PRODUCT_BUNDLE_IDENTIFIER = "co.bahittin.CryptoApp-VIPER";
				PRODUCT_NAME = "$(TARGET_NAME)";
				SWIFT_EMIT_LOC_STRINGS = YES;
				SWIFT_VERSION = 5.0;
				TARGETED_DEVICE_FAMILY = "1,2";
			};
			name = Debug;
		};
		642FD3452AEC46A200D1A463 /* Release */ = {
			isa = XCBuildConfiguration;
			buildSettings = {
				ASSETCATALOG_COMPILER_APPICON_NAME = AppIcon;
				ASSETCATALOG_COMPILER_GLOBAL_ACCENT_COLOR_NAME = AccentColor;
				CODE_SIGN_STYLE = Automatic;
				CURRENT_PROJECT_VERSION = 1;
				GENERATE_INFOPLIST_FILE = YES;
				INFOPLIST_FILE = "CryptoApp-VIPER/Core/Info.plist";
				INFOPLIST_KEY_UIApplicationSupportsIndirectInputEvents = YES;
				INFOPLIST_KEY_UILaunchStoryboardName = LaunchScreen;
				INFOPLIST_KEY_UIMainStoryboardFile = Main;
				INFOPLIST_KEY_UISupportedInterfaceOrientations_iPad = "UIInterfaceOrientationPortrait UIInterfaceOrientationPortraitUpsideDown UIInterfaceOrientationLandscapeLeft UIInterfaceOrientationLandscapeRight";
				INFOPLIST_KEY_UISupportedInterfaceOrientations_iPhone = "UIInterfaceOrientationPortrait UIInterfaceOrientationLandscapeLeft UIInterfaceOrientationLandscapeRight";
				LD_RUNPATH_SEARCH_PATHS = (
					"$(inherited)",
					"@executable_path/Frameworks",
				);
				MARKETING_VERSION = 1.0;
				PRODUCT_BUNDLE_IDENTIFIER = "co.bahittin.CryptoApp-VIPER";
				PRODUCT_NAME = "$(TARGET_NAME)";
				SWIFT_EMIT_LOC_STRINGS = YES;
				SWIFT_VERSION = 5.0;
				TARGETED_DEVICE_FAMILY = "1,2";
			};
			name = Release;
		};
/* End XCBuildConfiguration section */

/* Begin XCConfigurationList section */
		642FD32A2AEC46A000D1A463 /* Build configuration list for PBXProject "CryptoApp-VIPER" */ = {
			isa = XCConfigurationList;
			buildConfigurations = (
				642FD3412AEC46A200D1A463 /* Debug */,
				642FD3422AEC46A200D1A463 /* Release */,
			);
			defaultConfigurationIsVisible = 0;
			defaultConfigurationName = Release;
		};
		642FD3432AEC46A200D1A463 /* Build configuration list for PBXNativeTarget "CryptoApp-VIPER" */ = {
			isa = XCConfigurationList;
			buildConfigurations = (
				642FD3442AEC46A200D1A463 /* Debug */,
				642FD3452AEC46A200D1A463 /* Release */,
			);
			defaultConfigurationIsVisible = 0;
			defaultConfigurationName = Release;
		};
/* End XCConfigurationList section */
	};
	rootObject = 642FD3272AEC46A000D1A463 /* Project object */;
}
